
Microsoft Visual Studio Solution File, Format Version 11.00
# Visual Studio 2010
Project("{FAE04EC0-301F-11D3-BF4B-00C04F79EFBC}") = "RunTimeDebuggers3.5x64", "RunTimeDebuggers\RunTimeDebuggers3.5x64.csproj", "{EAE3D2D1-28B6-4B80-ACC8-6A69452727A6}"
EndProject
Project("{FAE04EC0-301F-11D3-BF4B-00C04F79EFBC}") = "TestForm", "TestForm\TestForm.csproj", "{4E89A0C5-A726-44CF-A145-99F8C9D94353}"
EndProject
Project("{8BC9CEB8-8B4A-11D0-8D11-00A0C91BC942}") = "ManagedInjector", "ManagedInjector\ManagedInjector.vcxproj", "{C29817A9-3696-421D-89BD-F66681657C37}"
EndProject
Project("{FAE04EC0-301F-11D3-BF4B-00C04F79EFBC}") = "Injector", "Injector\Injector.csproj", "{27F8CCA9-B21F-4201-8523-6857CF25837F}"
EndProject
Project("{FAE04EC0-301F-11D3-BF4B-00C04F79EFBC}") = "TestAssembly", "TestAssembly\TestAssembly.csproj", "{FA1DA9DB-6F33-48AF-8720-54D40E667EF3}"
EndProject
Project("{F184B08F-C81C-45F6-A57F-5ABD9991F28F}") = "TestAssemblyVB", "TestAssemblyVB\TestAssemblyVB.vbproj", "{D06392B0-2A32-441D-8A96-C01C36EDC366}"
EndProject
Project("{FAE04EC0-301F-11D3-BF4B-00C04F79EFBC}") = "RunTimeDebuggers4.0x64", "RunTimeDebuggers\RunTimeDebuggers4.0x64.csproj", "{C4E90532-3318-42E4-9054-78E8251D909F}"
EndProject
Project("{FAE04EC0-301F-11D3-BF4B-00C04F79EFBC}") = "RunTimeDebuggers3.5x86", "RunTimeDebuggers\RunTimeDebuggers3.5x86.csproj", "{AD9BD9A7-2B4E-4E0A-8BDF-44AA471CCB5A}"
EndProject
Project("{FAE04EC0-301F-11D3-BF4B-00C04F79EFBC}") = "RunTimeDebuggers4.0x86", "RunTimeDebuggers\RunTimeDebuggers4.0x86.csproj", "{42B54809-AE3E-4354-819C-F38C6A6FA1CA}"
EndProject
Project("{FAE04EC0-301F-11D3-BF4B-00C04F79EFBC}") = "TestWpf", "TestWpf\TestWpf.csproj", "{32CD745D-8B1A-482A-B71E-EBABE43495AF}"
EndProject
Global
	GlobalSection(TeamFoundationVersionControl) = preSolution
		SccNumberOfProjects = 11
		SccEnterpriseProvider = {4CA58AB2-18FA-4F8D-95D4-32DDF27D184C}
		SccTeamFoundationServer = https://tfs.codeplex.com/tfs/tfs29
		SccLocalPath0 = .
		SccProjectUniqueName1 = Injector\\Injector.csproj
		SccProjectName1 = Injector
		SccLocalPath1 = Injector
		SccProjectUniqueName2 = ManagedInjector\\ManagedInjector.vcxproj
		SccProjectName2 = ManagedInjector
		SccLocalPath2 = ManagedInjector
		SccProjectUniqueName3 = RunTimeDebuggers\\RunTimeDebuggers3.5x64.csproj
		SccProjectName3 = RunTimeDebuggers
		SccLocalPath3 = RunTimeDebuggers
		SccProjectUniqueName4 = RunTimeDebuggers\\RunTimeDebuggers3.5x86.csproj
		SccProjectName4 = RunTimeDebuggers
		SccLocalPath4 = RunTimeDebuggers
		SccProjectUniqueName5 = RunTimeDebuggers\\RunTimeDebuggers4.0x64.csproj
		SccProjectName5 = RunTimeDebuggers
		SccLocalPath5 = RunTimeDebuggers
		SccProjectUniqueName6 = RunTimeDebuggers\\RunTimeDebuggers4.0x86.csproj
		SccProjectName6 = RunTimeDebuggers
		SccLocalPath6 = RunTimeDebuggers
		SccProjectUniqueName7 = TestAssembly\\TestAssembly.csproj
		SccProjectName7 = TestAssembly
		SccLocalPath7 = TestAssembly
		SccProjectUniqueName8 = TestAssemblyVB\\TestAssemblyVB.vbproj
		SccProjectName8 = TestAssemblyVB
		SccLocalPath8 = TestAssemblyVB
		SccProjectUniqueName9 = TestForm\\TestForm.csproj
		SccProjectName9 = TestForm
		SccLocalPath9 = TestForm
		SccProjectUniqueName10 = TestWpf\\TestWpf.csproj
		SccProjectName10 = TestWpf
		SccLocalPath10 = TestWpf
	EndGlobalSection
	GlobalSection(SolutionConfigurationPlatforms) = preSolution
		Debug|Any CPU = Debug|Any CPU
		Debug|Mixed Platforms = Debug|Mixed Platforms
		Debug|Win32 = Debug|Win32
		Debug|x64 = Debug|x64
		Debug|x86 = Debug|x86
		Release|Any CPU = Release|Any CPU
		Release|Mixed Platforms = Release|Mixed Platforms
		Release|Win32 = Release|Win32
		Release|x64 = Release|x64
		Release|x86 = Release|x86
	EndGlobalSection
	GlobalSection(ProjectConfigurationPlatforms) = postSolution
		{EAE3D2D1-28B6-4B80-ACC8-6A69452727A6}.Debug|Any CPU.ActiveCfg = Debug|Any CPU
		{EAE3D2D1-28B6-4B80-ACC8-6A69452727A6}.Debug|Any CPU.Build.0 = Debug|Any CPU
		{EAE3D2D1-28B6-4B80-ACC8-6A69452727A6}.Debug|Mixed Platforms.ActiveCfg = Debug|Any CPU
		{EAE3D2D1-28B6-4B80-ACC8-6A69452727A6}.Debug|Mixed Platforms.Build.0 = Debug|Any CPU
		{EAE3D2D1-28B6-4B80-ACC8-6A69452727A6}.Debug|Win32.ActiveCfg = Debug|Any CPU
		{EAE3D2D1-28B6-4B80-ACC8-6A69452727A6}.Debug|x64.ActiveCfg = Debug|Any CPU
		{EAE3D2D1-28B6-4B80-ACC8-6A69452727A6}.Debug|x64.Build.0 = Debug|Any CPU
		{EAE3D2D1-28B6-4B80-ACC8-6A69452727A6}.Debug|x86.ActiveCfg = Debug|Any CPU
		{EAE3D2D1-28B6-4B80-ACC8-6A69452727A6}.Release|Any CPU.ActiveCfg = Release|Any CPU
		{EAE3D2D1-28B6-4B80-ACC8-6A69452727A6}.Release|Any CPU.Build.0 = Release|Any CPU
		{EAE3D2D1-28B6-4B80-ACC8-6A69452727A6}.Release|Mixed Platforms.ActiveCfg = Release|Any CPU
		{EAE3D2D1-28B6-4B80-ACC8-6A69452727A6}.Release|Mixed Platforms.Build.0 = Release|Any CPU
		{EAE3D2D1-28B6-4B80-ACC8-6A69452727A6}.Release|Win32.ActiveCfg = Release|Any CPU
		{EAE3D2D1-28B6-4B80-ACC8-6A69452727A6}.Release|x64.ActiveCfg = Release|Any CPU
		{EAE3D2D1-28B6-4B80-ACC8-6A69452727A6}.Release|x64.Build.0 = Release|Any CPU
		{EAE3D2D1-28B6-4B80-ACC8-6A69452727A6}.Release|x86.ActiveCfg = Release|Any CPU
		{4E89A0C5-A726-44CF-A145-99F8C9D94353}.Debug|Any CPU.ActiveCfg = Debug|x86
		{4E89A0C5-A726-44CF-A145-99F8C9D94353}.Debug|Mixed Platforms.ActiveCfg = Debug|x86
		{4E89A0C5-A726-44CF-A145-99F8C9D94353}.Debug|Mixed Platforms.Build.0 = Debug|x86
		{4E89A0C5-A726-44CF-A145-99F8C9D94353}.Debug|Win32.ActiveCfg = Debug|x86
		{4E89A0C5-A726-44CF-A145-99F8C9D94353}.Debug|x64.ActiveCfg = Debug|x86
		{4E89A0C5-A726-44CF-A145-99F8C9D94353}.Debug|x64.Build.0 = Debug|x86
		{4E89A0C5-A726-44CF-A145-99F8C9D94353}.Debug|x86.ActiveCfg = Debug|x86
		{4E89A0C5-A726-44CF-A145-99F8C9D94353}.Debug|x86.Build.0 = Debug|x86
		{4E89A0C5-A726-44CF-A145-99F8C9D94353}.Release|Any CPU.ActiveCfg = Release|x86
		{4E89A0C5-A726-44CF-A145-99F8C9D94353}.Release|Mixed Platforms.ActiveCfg = Release|x86
		{4E89A0C5-A726-44CF-A145-99F8C9D94353}.Release|Mixed Platforms.Build.0 = Release|x86
		{4E89A0C5-A726-44CF-A145-99F8C9D94353}.Release|Win32.ActiveCfg = Release|x86
		{4E89A0C5-A726-44CF-A145-99F8C9D94353}.Release|x64.ActiveCfg = Release|x86
		{4E89A0C5-A726-44CF-A145-99F8C9D94353}.Release|x64.Build.0 = Release|x86
		{4E89A0C5-A726-44CF-A145-99F8C9D94353}.Release|x86.ActiveCfg = Release|x86
		{4E89A0C5-A726-44CF-A145-99F8C9D94353}.Release|x86.Build.0 = Release|x86
		{C29817A9-3696-421D-89BD-F66681657C37}.Debug|Any CPU.ActiveCfg = Debug|Win32
		{C29817A9-3696-421D-89BD-F66681657C37}.Debug|Mixed Platforms.ActiveCfg = Debug|Win32
		{C29817A9-3696-421D-89BD-F66681657C37}.Debug|Mixed Platforms.Build.0 = Debug|Win32
		{C29817A9-3696-421D-89BD-F66681657C37}.Debug|Win32.ActiveCfg = Debug|Win32
		{C29817A9-3696-421D-89BD-F66681657C37}.Debug|Win32.Build.0 = Debug|Win32
		{C29817A9-3696-421D-89BD-F66681657C37}.Debug|x64.ActiveCfg = Debug|Win32
		{C29817A9-3696-421D-89BD-F66681657C37}.Debug|x64.Build.0 = Debug|Win32
		{C29817A9-3696-421D-89BD-F66681657C37}.Debug|x86.ActiveCfg = Debug|Win32
		{C29817A9-3696-421D-89BD-F66681657C37}.Release|Any CPU.ActiveCfg = Release|Win32
		{C29817A9-3696-421D-89BD-F66681657C37}.Release|Mixed Platforms.ActiveCfg = Release|x64
		{C29817A9-3696-421D-89BD-F66681657C37}.Release|Mixed Platforms.Build.0 = Release|x64
		{C29817A9-3696-421D-89BD-F66681657C37}.Release|Win32.ActiveCfg = Release|Win32
		{C29817A9-3696-421D-89BD-F66681657C37}.Release|Win32.Build.0 = Release|Win32
		{C29817A9-3696-421D-89BD-F66681657C37}.Release|x64.ActiveCfg = Release|x64
		{C29817A9-3696-421D-89BD-F66681657C37}.Release|x64.Build.0 = Release|x64
		{C29817A9-3696-421D-89BD-F66681657C37}.Release|x86.ActiveCfg = Release|Win32
		{27F8CCA9-B21F-4201-8523-6857CF25837F}.Debug|Any CPU.ActiveCfg = Debug|x86
		{27F8CCA9-B21F-4201-8523-6857CF25837F}.Debug|Mixed Platforms.ActiveCfg = Debug|x86
		{27F8CCA9-B21F-4201-8523-6857CF25837F}.Debug|Mixed Platforms.Build.0 = Debug|x86
		{27F8CCA9-B21F-4201-8523-6857CF25837F}.Debug|Win32.ActiveCfg = Debug|x86
		{27F8CCA9-B21F-4201-8523-6857CF25837F}.Debug|x64.ActiveCfg = Debug|x86
		{27F8CCA9-B21F-4201-8523-6857CF25837F}.Debug|x86.ActiveCfg = Debug|x86
		{27F8CCA9-B21F-4201-8523-6857CF25837F}.Debug|x86.Build.0 = Debug|x86
		{27F8CCA9-B21F-4201-8523-6857CF25837F}.Release|Any CPU.ActiveCfg = Release|x86
		{27F8CCA9-B21F-4201-8523-6857CF25837F}.Release|Mixed Platforms.ActiveCfg = Release|x86
		{27F8CCA9-B21F-4201-8523-6857CF25837F}.Release|Mixed Platforms.Build.0 = Release|x86
		{27F8CCA9-B21F-4201-8523-6857CF25837F}.Release|Win32.ActiveCfg = Release|x86
		{27F8CCA9-B21F-4201-8523-6857CF25837F}.Release|x64.ActiveCfg = Release|x86
		{27F8CCA9-B21F-4201-8523-6857CF25837F}.Release|x86.ActiveCfg = Release|x86
		{27F8CCA9-B21F-4201-8523-6857CF25837F}.Release|x86.Build.0 = Release|x86
		{FA1DA9DB-6F33-48AF-8720-54D40E667EF3}.Debug|Any CPU.ActiveCfg = Debug|Any CPU
		{FA1DA9DB-6F33-48AF-8720-54D40E667EF3}.Debug|Any CPU.Build.0 = Debug|Any CPU
		{FA1DA9DB-6F33-48AF-8720-54D40E667EF3}.Debug|Mixed Platforms.ActiveCfg = Debug|Any CPU
		{FA1DA9DB-6F33-48AF-8720-54D40E667EF3}.Debug|Mixed Platforms.Build.0 = Debug|Any CPU
		{FA1DA9DB-6F33-48AF-8720-54D40E667EF3}.Debug|Win32.ActiveCfg = Debug|Any CPU
		{FA1DA9DB-6F33-48AF-8720-54D40E667EF3}.Debug|x64.ActiveCfg = Debug|Any CPU
		{FA1DA9DB-6F33-48AF-8720-54D40E667EF3}.Debug|x86.ActiveCfg = Debug|Any CPU
		{FA1DA9DB-6F33-48AF-8720-54D40E667EF3}.Release|Any CPU.ActiveCfg = Release|Any CPU
		{FA1DA9DB-6F33-48AF-8720-54D40E667EF3}.Release|Any CPU.Build.0 = Release|Any CPU
		{FA1DA9DB-6F33-48AF-8720-54D40E667EF3}.Release|Mixed Platforms.ActiveCfg = Release|Any CPU
		{FA1DA9DB-6F33-48AF-8720-54D40E667EF3}.Release|Mixed Platforms.Build.0 = Release|Any CPU
		{FA1DA9DB-6F33-48AF-8720-54D40E667EF3}.Release|Win32.ActiveCfg = Release|Any CPU
		{FA1DA9DB-6F33-48AF-8720-54D40E667EF3}.Release|x64.ActiveCfg = Release|Any CPU
		{FA1DA9DB-6F33-48AF-8720-54D40E667EF3}.Release|x86.ActiveCfg = Release|Any CPU
		{D06392B0-2A32-441D-8A96-C01C36EDC366}.Debug|Any CPU.ActiveCfg = Debug|Any CPU
		{D06392B0-2A32-441D-8A96-C01C36EDC366}.Debug|Any CPU.Build.0 = Debug|Any CPU
		{D06392B0-2A32-441D-8A96-C01C36EDC366}.Debug|Mixed Platforms.ActiveCfg = Debug|Any CPU
		{D06392B0-2A32-441D-8A96-C01C36EDC366}.Debug|Mixed Platforms.Build.0 = Debug|Any CPU
		{D06392B0-2A32-441D-8A96-C01C36EDC366}.Debug|Win32.ActiveCfg = Debug|Any CPU
		{D06392B0-2A32-441D-8A96-C01C36EDC366}.Debug|x64.ActiveCfg = Debug|Any CPU
		{D06392B0-2A32-441D-8A96-C01C36EDC366}.Debug|x86.ActiveCfg = Debug|Any CPU
		{D06392B0-2A32-441D-8A96-C01C36EDC366}.Release|Any CPU.ActiveCfg = Release|Any CPU
		{D06392B0-2A32-441D-8A96-C01C36EDC366}.Release|Any CPU.Build.0 = Release|Any CPU
		{D06392B0-2A32-441D-8A96-C01C36EDC366}.Release|Mixed Platforms.ActiveCfg = Release|Any CPU
		{D06392B0-2A32-441D-8A96-C01C36EDC366}.Release|Mixed Platforms.Build.0 = Release|Any CPU
		{D06392B0-2A32-441D-8A96-C01C36EDC366}.Release|Win32.ActiveCfg = Release|Any CPU
		{D06392B0-2A32-441D-8A96-C01C36EDC366}.Release|x64.ActiveCfg = Release|Any CPU
		{D06392B0-2A32-441D-8A96-C01C36EDC366}.Release|x86.ActiveCfg = Release|Any CPU
		{C4E90532-3318-42E4-9054-78E8251D909F}.Debug|Any CPU.ActiveCfg = Debug|Any CPU
		{C4E90532-3318-42E4-9054-78E8251D909F}.Debug|Any CPU.Build.0 = Debug|Any CPU
		{C4E90532-3318-42E4-9054-78E8251D909F}.Debug|Mixed Platforms.ActiveCfg = Debug|Any CPU
		{C4E90532-3318-42E4-9054-78E8251D909F}.Debug|Win32.ActiveCfg = Debug|Any CPU
		{C4E90532-3318-42E4-9054-78E8251D909F}.Debug|x64.ActiveCfg = Debug|Any CPU
		{C4E90532-3318-42E4-9054-78E8251D909F}.Debug|x86.ActiveCfg = Debug|Any CPU
		{C4E90532-3318-42E4-9054-78E8251D909F}.Release|Any CPU.ActiveCfg = Release|Any CPU
		{C4E90532-3318-42E4-9054-78E8251D909F}.Release|Any CPU.Build.0 = Release|Any CPU
		{C4E90532-3318-42E4-9054-78E8251D909F}.Release|Mixed Platforms.ActiveCfg = Release|Any CPU
		{C4E90532-3318-42E4-9054-78E8251D909F}.Release|Mixed Platforms.Build.0 = Release|Any CPU
		{C4E90532-3318-42E4-9054-78E8251D909F}.Release|Win32.ActiveCfg = Release|Any CPU
		{C4E90532-3318-42E4-9054-78E8251D909F}.Release|x64.ActiveCfg = Release|Any CPU
		{C4E90532-3318-42E4-9054-78E8251D909F}.Release|x86.ActiveCfg = Release|Any CPU
		{AD9BD9A7-2B4E-4E0A-8BDF-44AA471CCB5A}.Debug|Any CPU.ActiveCfg = Debug|Any CPU
		{AD9BD9A7-2B4E-4E0A-8BDF-44AA471CCB5A}.Debug|Any CPU.Build.0 = Debug|Any CPU
		{AD9BD9A7-2B4E-4E0A-8BDF-44AA471CCB5A}.Debug|Mixed Platforms.ActiveCfg = Debug|Any CPU
		{AD9BD9A7-2B4E-4E0A-8BDF-44AA471CCB5A}.Debug|Win32.ActiveCfg = Debug|Any CPU
		{AD9BD9A7-2B4E-4E0A-8BDF-44AA471CCB5A}.Debug|x64.ActiveCfg = Debug|Any CPU
		{AD9BD9A7-2B4E-4E0A-8BDF-44AA471CCB5A}.Debug|x86.ActiveCfg = Debug|Any CPU
		{AD9BD9A7-2B4E-4E0A-8BDF-44AA471CCB5A}.Release|Any CPU.ActiveCfg = Release|Any CPU
		{AD9BD9A7-2B4E-4E0A-8BDF-44AA471CCB5A}.Release|Any CPU.Build.0 = Release|Any CPU
		{AD9BD9A7-2B4E-4E0A-8BDF-44AA471CCB5A}.Release|Mixed Platforms.ActiveCfg = Release|Any CPU
		{AD9BD9A7-2B4E-4E0A-8BDF-44AA471CCB5A}.Release|Mixed Platforms.Build.0 = Release|Any CPU
		{AD9BD9A7-2B4E-4E0A-8BDF-44AA471CCB5A}.Release|Win32.ActiveCfg = Release|Any CPU
		{AD9BD9A7-2B4E-4E0A-8BDF-44AA471CCB5A}.Release|x64.ActiveCfg = Release|Any CPU
		{AD9BD9A7-2B4E-4E0A-8BDF-44AA471CCB5A}.Release|x86.ActiveCfg = Release|Any CPU
		{42B54809-AE3E-4354-819C-F38C6A6FA1CA}.Debug|Any CPU.ActiveCfg = Debug|Any CPU
		{42B54809-AE3E-4354-819C-F38C6A6FA1CA}.Debug|Any CPU.Build.0 = Debug|Any CPU
		{42B54809-AE3E-4354-819C-F38C6A6FA1CA}.Debug|Mixed Platforms.ActiveCfg = Debug|Any CPU
		{42B54809-AE3E-4354-819C-F38C6A6FA1CA}.Debug|Win32.ActiveCfg = Debug|Any CPU
		{42B54809-AE3E-4354-819C-F38C6A6FA1CA}.Debug|x64.ActiveCfg = Debug|Any CPU
		{42B54809-AE3E-4354-819C-F38C6A6FA1CA}.Debug|x86.ActiveCfg = Debug|Any CPU
		{42B54809-AE3E-4354-819C-F38C6A6FA1CA}.Release|Any CPU.ActiveCfg = Release|Any CPU
		{42B54809-AE3E-4354-819C-F38C6A6FA1CA}.Release|Any CPU.Build.0 = Release|Any CPU
		{42B54809-AE3E-4354-819C-F38C6A6FA1CA}.Release|Mixed Platforms.ActiveCfg = Release|Any CPU
		{42B54809-AE3E-4354-819C-F38C6A6FA1CA}.Release|Mixed Platforms.Build.0 = Release|Any CPU
		{42B54809-AE3E-4354-819C-F38C6A6FA1CA}.Release|Win32.ActiveCfg = Release|Any CPU
		{42B54809-AE3E-4354-819C-F38C6A6FA1CA}.Release|x64.ActiveCfg = Release|Any CPU
		{42B54809-AE3E-4354-819C-F38C6A6FA1CA}.Release|x86.ActiveCfg = Release|Any CPU
		{32CD745D-8B1A-482A-B71E-EBABE43495AF}.Debug|Any CPU.ActiveCfg = Debug|x86
		{32CD745D-8B1A-482A-B71E-EBABE43495AF}.Debug|Mixed Platforms.ActiveCfg = Debug|x86
		{32CD745D-8B1A-482A-B71E-EBABE43495AF}.Debug|Mixed Platforms.Build.0 = Debug|x86
		{32CD745D-8B1A-482A-B71E-EBABE43495AF}.Debug|Win32.ActiveCfg = Debug|x86
		{32CD745D-8B1A-482A-B71E-EBABE43495AF}.Debug|x64.ActiveCfg = Debug|x86
		{32CD745D-8B1A-482A-B71E-EBABE43495AF}.Debug|x86.ActiveCfg = Debug|x86
		{32CD745D-8B1A-482A-B71E-EBABE43495AF}.Debug|x86.Build.0 = Debug|x86
		{32CD745D-8B1A-482A-B71E-EBABE43495AF}.Release|Any CPU.ActiveCfg = Release|x86
		{32CD745D-8B1A-482A-B71E-EBABE43495AF}.Release|Mixed Platforms.ActiveCfg = Release|x86
		{32CD745D-8B1A-482A-B71E-EBABE43495AF}.Release|Mixed Platforms.Build.0 = Release|x86
		{32CD745D-8B1A-482A-B71E-EBABE43495AF}.Release|Win32.ActiveCfg = Release|x86
		{32CD745D-8B1A-482A-B71E-EBABE43495AF}.Release|x64.ActiveCfg = Release|x86
		{32CD745D-8B1A-482A-B71E-EBABE43495AF}.Release|x86.ActiveCfg = Release|x86
		{32CD745D-8B1A-482A-B71E-EBABE43495AF}.Release|x86.Build.0 = Release|x86
	EndGlobalSection
	GlobalSection(SolutionProperties) = preSolution
		HideSolutionNode = FALSE
	EndGlobalSection
EndGlobal
